{
  "name": "pitara-monorepo",
  "version": "0.0.1",
  "lockfileVersion": 3,
  "requires": true,
  "packages": {
    "": {
      "name": "pitara-monorepo",
      "version": "0.0.1",
      "hasInstallScript": true,
      "workspaces": [
        "apps/*",
        "packages/*"
      ],
      "devDependencies": {
        "typescript": "^5.3.3"
      }
    },
    "apps/mobile": {
      "name": "pitara-mobile",
      "version": "1.0.0"
    },
    "packages/hooks": {
      "name": "@pitara/hooks",
      "version": "0.0.1"
    },
    "packages/supabase": {
      "name": "@pitara/supabase",
      "version": "0.0.1"
    },
    "packages/ui": {
      "name": "@pitara/ui",
      "version": "0.0.1"
    },
    "node_modules/typescript": {
      "version": "5.3.3",
      "resolved": "https://registry.npmjs.org/typescript/-/typescript-5.3.3.tgz",
      "integrity": "sha512-pXWcraxM0uxAS+tN0AG/BF2TyqmHO014Z070UsJ+pFvYuRSq8KH8DmWpnbXe0pEPDHXZV3FcAbJkijJ5oNEnWw==",
      "dev": true,
      "bin": {
        "tsc": "bin/tsc",
        "tsserver": "bin/tsserver"
      },
      "engines": {
        "node": ">=14.17"
      }
    }
  }
} 